
Microsoft Visual Studio Solution File, Format Version 12.00
# Visual Studio Version 16
VisualStudioVersion = 16.0.32407.337
MinimumVisualStudioVersion = 10.0.40219.1
Project("{FAE04EC0-301F-11D3-BF4B-00C04F79EFBC}") = "BookDotNetCore.UI", "BookDotNetCore.UI\BookDotNetCore.UI.csproj", "{4A6770F0-60FB-4C1D-99F1-9D389AD4A6E6}"
EndProject
Project("{FAE04EC0-301F-11D3-BF4B-00C04F79EFBC}") = "BookDotNetCore.API", "BookDotNetCore.API\BookDotNetCore.API.csproj", "{445CC5D0-B32A-46E9-81B1-8D4BF19A38F2}"
EndProject
Project("{FAE04EC0-301F-11D3-BF4B-00C04F79EFBC}") = "BookDotNetCore.BAL", "BookDotNetCore.BAL\BookDotNetCore.BAL.csproj", "{3C06033A-33FD-439C-9FB8-AF6E09594BAD}"
EndProject
Project("{FAE04EC0-301F-11D3-BF4B-00C04F79EFBC}") = "BookDotNetCore.DAL", "BookDotNetCore.DAL\BookDotNetCore.DAL.csproj", "{96AA683E-6F50-4CB5-A520-A28DE4A6DCC7}"
EndProject
Project("{FAE04EC0-301F-11D3-BF4B-00C04F79EFBC}") = "BookDotNetCore.Entity", "BookDotNetCore.Entity\BookDotNetCore.Entity.csproj", "{2DFF541A-E747-4355-B775-E562D1B8730F}"
EndProject
Global
	GlobalSection(SolutionConfigurationPlatforms) = preSolution
		Debug|Any CPU = Debug|Any CPU
		Release|Any CPU = Release|Any CPU
	EndGlobalSection
	GlobalSection(ProjectConfigurationPlatforms) = postSolution
		{4A6770F0-60FB-4C1D-99F1-9D389AD4A6E6}.Debug|Any CPU.ActiveCfg = Debug|Any CPU
		{4A6770F0-60FB-4C1D-99F1-9D389AD4A6E6}.Debug|Any CPU.Build.0 = Debug|Any CPU
		{4A6770F0-60FB-4C1D-99F1-9D389AD4A6E6}.Release|Any CPU.ActiveCfg = Release|Any CPU
		{4A6770F0-60FB-4C1D-99F1-9D389AD4A6E6}.Release|Any CPU.Build.0 = Release|Any CPU
		{445CC5D0-B32A-46E9-81B1-8D4BF19A38F2}.Debug|Any CPU.ActiveCfg = Debug|Any CPU
		{445CC5D0-B32A-46E9-81B1-8D4BF19A38F2}.Debug|Any CPU.Build.0 = Debug|Any CPU
		{445CC5D0-B32A-46E9-81B1-8D4BF19A38F2}.Release|Any CPU.ActiveCfg = Release|Any CPU
		{445CC5D0-B32A-46E9-81B1-8D4BF19A38F2}.Release|Any CPU.Build.0 = Release|Any CPU
		{3C06033A-33FD-439C-9FB8-AF6E09594BAD}.Debug|Any CPU.ActiveCfg = Debug|Any CPU
		{3C06033A-33FD-439C-9FB8-AF6E09594BAD}.Debug|Any CPU.Build.0 = Debug|Any CPU
		{3C06033A-33FD-439C-9FB8-AF6E09594BAD}.Release|Any CPU.ActiveCfg = Release|Any CPU
		{3C06033A-33FD-439C-9FB8-AF6E09594BAD}.Release|Any CPU.Build.0 = Release|Any CPU
		{96AA683E-6F50-4CB5-A520-A28DE4A6DCC7}.Debug|Any CPU.ActiveCfg = Debug|Any CPU
		{96AA683E-6F50-4CB5-A520-A28DE4A6DCC7}.Debug|Any CPU.Build.0 = Debug|Any CPU
		{96AA683E-6F50-4CB5-A520-A28DE4A6DCC7}.Release|Any CPU.ActiveCfg = Release|Any CPU
		{96AA683E-6F50-4CB5-A520-A28DE4A6DCC7}.Release|Any CPU.Build.0 = Release|Any CPU
		{2DFF541A-E747-4355-B775-E562D1B8730F}.Debug|Any CPU.ActiveCfg = Debug|Any CPU
		{2DFF541A-E747-4355-B775-E562D1B8730F}.Debug|Any CPU.Build.0 = Debug|Any CPU
		{2DFF541A-E747-4355-B775-E562D1B8730F}.Release|Any CPU.ActiveCfg = Release|Any CPU
		{2DFF541A-E747-4355-B775-E562D1B8730F}.Release|Any CPU.Build.0 = Release|Any CPU
	EndGlobalSection
	GlobalSection(SolutionProperties) = preSolution
		HideSolutionNode = FALSE
	EndGlobalSection
	GlobalSection(ExtensibilityGlobals) = postSolution
		SolutionGuid = {C1A012FB-F314-4CCE-9BB9-935B8C107D29}
	EndGlobalSection
EndGlobal
